
Microsoft Visual Studio Solution File, Format Version 12.00
# Visual Studio Version 17
VisualStudioVersion = 17.12.35728.132
MinimumVisualStudioVersion = 10.0.40219.1
Project("{FAE04EC0-301F-11D3-BF4B-00C04F79EFBC}") = "FreedomTaskbar", "FreedomTaskbar\FreedomTaskbar.csproj", "{B5BB3B4F-3D7D-48E8-A9E0-FC3512962FBA}"
EndProject
Project("{FAE04EC0-301F-11D3-BF4B-00C04F79EFBC}") = "FreedomTaskbar.Core", "FreedomTaskbar.Core\FreedomTaskbar.Core.csproj", "{9BAC00AF-944F-4C43-94D6-2D56A7B7D272}"
EndProject
Project("{FAE04EC0-301F-11D3-BF4B-00C04F79EFBC}") = "FreedomTaskbar.WinFormsFacade", "FreedomTaskbar.WinFormsFacade\FreedomTaskbar.WinFormsFacade.csproj", "{8491E763-FC08-4BFF-B75C-7F8996807818}"
EndProject
Global
	GlobalSection(SolutionConfigurationPlatforms) = preSolution
		Debug|Any CPU = Debug|Any CPU
		Release|Any CPU = Release|Any CPU
	EndGlobalSection
	GlobalSection(ProjectConfigurationPlatforms) = postSolution
		{B5BB3B4F-3D7D-48E8-A9E0-FC3512962FBA}.Debug|Any CPU.ActiveCfg = Debug|Any CPU
		{B5BB3B4F-3D7D-48E8-A9E0-FC3512962FBA}.Debug|Any CPU.Build.0 = Debug|Any CPU
		{B5BB3B4F-3D7D-48E8-A9E0-FC3512962FBA}.Release|Any CPU.ActiveCfg = Release|Any CPU
		{B5BB3B4F-3D7D-48E8-A9E0-FC3512962FBA}.Release|Any CPU.Build.0 = Release|Any CPU
		{9BAC00AF-944F-4C43-94D6-2D56A7B7D272}.Debug|Any CPU.ActiveCfg = Debug|Any CPU
		{9BAC00AF-944F-4C43-94D6-2D56A7B7D272}.Debug|Any CPU.Build.0 = Debug|Any CPU
		{9BAC00AF-944F-4C43-94D6-2D56A7B7D272}.Release|Any CPU.ActiveCfg = Release|Any CPU
		{9BAC00AF-944F-4C43-94D6-2D56A7B7D272}.Release|Any CPU.Build.0 = Release|Any CPU
		{8491E763-FC08-4BFF-B75C-7F8996807818}.Debug|Any CPU.ActiveCfg = Debug|Any CPU
		{8491E763-FC08-4BFF-B75C-7F8996807818}.Debug|Any CPU.Build.0 = Debug|Any CPU
		{8491E763-FC08-4BFF-B75C-7F8996807818}.Release|Any CPU.ActiveCfg = Release|Any CPU
		{8491E763-FC08-4BFF-B75C-7F8996807818}.Release|Any CPU.Build.0 = Release|Any CPU
	EndGlobalSection
	GlobalSection(SolutionProperties) = preSolution
		HideSolutionNode = FALSE
	EndGlobalSection
EndGlobal
